
Microsoft Visual Studio Solution File, Format Version 12.00
# Visual Studio Version 17
VisualStudioVersion = 17.0.31903.59
MinimumVisualStudioVersion = 10.0.40219.1
Project("{FAE04EC0-301F-11D3-BF4B-00C04F79EFBC}") = "Gamejam", "Gamejam.csproj", "{070BD4A3-102F-4A97-8762-C7E360E0B681}"
EndProject
Global
	GlobalSection(SolutionConfigurationPlatforms) = preSolution
		Debug|Any CPU = Debug|Any CPU
        ExportDebug|Any CPU = ExportDebug|Any CPU
        ExportRelease|Any CPU = ExportRelease|Any CPU
	EndGlobalSection
	GlobalSection(ProjectConfigurationPlatforms) = postSolution
		{070BD4A3-102F-4A97-8762-C7E360E0B681}.Debug|Any CPU.ActiveCfg = Debug|Any CPU
		{070BD4A3-102F-4A97-8762-C7E360E0B681}.Debug|Any CPU.Build.0 = Debug|Any CPU
		{070BD4A3-102F-4A97-8762-C7E360E0B681}.ExportDebug|Any CPU.ActiveCfg = ExportDebug|Any CPU
		{070BD4A3-102F-4A97-8762-C7E360E0B681}.ExportDebug|Any CPU.Build.0 = ExportDebug|Any CPU
		{070BD4A3-102F-4A97-8762-C7E360E0B681}.ExportRelease|Any CPU.ActiveCfg = ExportRelease|Any CPU
		{070BD4A3-102F-4A97-8762-C7E360E0B681}.ExportRelease|Any CPU.Build.0 = ExportRelease|Any CPU
	EndGlobalSection
EndGlobal
